// !$*UTF8*$!
{
	archiveVersion = 1;
	classes = {
	};
	objectVersion = 46;
	objects = {

/* Begin PBXBuildFile section */
		7780233E1B02F4980018750B /* KeysTableViewController.swift in Sources */ = {isa = PBXBuildFile; fileRef = 7780233D1B02F4980018750B /* KeysTableViewController.swift */; };
		778D45451AFDC8E700225D2A /* AppDelegate.swift in Sources */ = {isa = PBXBuildFile; fileRef = 778D45441AFDC8E700225D2A /* AppDelegate.swift */; };
		778D45471AFDC8E700225D2A /* ViewController.swift in Sources */ = {isa = PBXBuildFile; fileRef = 778D45461AFDC8E700225D2A /* ViewController.swift */; };
		778D454A1AFDC8E700225D2A /* Main.storyboard in Resources */ = {isa = PBXBuildFile; fileRef = 778D45481AFDC8E700225D2A /* Main.storyboard */; };
		778D454C1AFDC8E700225D2A /* Images.xcassets in Resources */ = {isa = PBXBuildFile; fileRef = 778D454B1AFDC8E700225D2A /* Images.xcassets */; };
		778D454F1AFDC8E700225D2A /* LaunchScreen.xib in Resources */ = {isa = PBXBuildFile; fileRef = 778D454D1AFDC8E700225D2A /* LaunchScreen.xib */; };
		778D455B1AFDC8E700225D2A /* IngressKeyTrackerTests.swift in Sources */ = {isa = PBXBuildFile; fileRef = 778D455A1AFDC8E700225D2A /* IngressKeyTrackerTests.swift */; };
/* End PBXBuildFile section */

/* Begin PBXContainerItemProxy section */
		778D45551AFDC8E700225D2A /* PBXContainerItemProxy */ = {
			isa = PBXContainerItemProxy;
			containerPortal = 778D45371AFDC8E600225D2A /* Project object */;
			proxyType = 1;
			remoteGlobalIDString = 778D453E1AFDC8E600225D2A;
			remoteInfo = IngressKeyTracker;
		};
/* End PBXContainerItemProxy section */

/* Begin PBXFileReference section */
		7780233D1B02F4980018750B /* KeysTableViewController.swift */ = {isa = PBXFileReference; fileEncoding = 4; lastKnownFileType = sourcecode.swift; path = KeysTableViewController.swift; sourceTree = "<group>"; };
		778D453F1AFDC8E700225D2A /* IngressKeyTracker.app */ = {isa = PBXFileReference; explicitFileType = wrapper.application; includeInIndex = 0; path = IngressKeyTracker.app; sourceTree = BUILT_PRODUCTS_DIR; };
		778D45431AFDC8E700225D2A /* Info.plist */ = {isa = PBXFileReference; lastKnownFileType = text.plist.xml; path = Info.plist; sourceTree = "<group>"; };
		778D45441AFDC8E700225D2A /* AppDelegate.swift */ = {isa = PBXFileReference; lastKnownFileType = sourcecode.swift; path = AppDelegate.swift; sourceTree = "<group>"; };
		778D45461AFDC8E700225D2A /* ViewController.swift */ = {isa = PBXFileReference; lastKnownFileType = sourcecode.swift; path = ViewController.swift; sourceTree = "<group>"; };
		778D45491AFDC8E700225D2A /* Base */ = {isa = PBXFileReference; lastKnownFileType = file.storyboard; name = Base; path = Base.lproj/Main.storyboard; sourceTree = "<group>"; };
		778D454B1AFDC8E700225D2A /* Images.xcassets */ = {isa = PBXFileReference; lastKnownFileType = folder.assetcatalog; path = Images.xcassets; sourceTree = "<group>"; };
		778D454E1AFDC8E700225D2A /* Base */ = {isa = PBXFileReference; lastKnownFileType = file.xib; name = Base; path = Base.lproj/LaunchScreen.xib; sourceTree = "<group>"; };
		778D45541AFDC8E700225D2A /* IngressKeyTrackerTests.xctest */ = {isa = PBXFileReference; explicitFileType = wrapper.cfbundle; includeInIndex = 0; path = IngressKeyTrackerTests.xctest; sourceTree = BUILT_PRODUCTS_DIR; };
		778D45591AFDC8E700225D2A /* Info.plist */ = {isa = PBXFileReference; lastKnownFileType = text.plist.xml; path = Info.plist; sourceTree = "<group>"; };
		778D455A1AFDC8E700225D2A /* IngressKeyTrackerTests.swift */ = {isa = PBXFileReference; lastKnownFileType = sourcecode.swift; path = IngressKeyTrackerTests.swift; sourceTree = "<group>"; };
/* End PBXFileReference section */

/* Begin PBXFrameworksBuildPhase section */
		778D453C1AFDC8E600225D2A /* Frameworks */ = {
			isa = PBXFrameworksBuildPhase;
			buildActionMask = 2147483647;
			files = (
			);
			runOnlyForDeploymentPostprocessing = 0;
		};
		778D45511AFDC8E700225D2A /* Frameworks */ = {
			isa = PBXFrameworksBuildPhase;
			buildActionMask = 2147483647;
			files = (
			);
			runOnlyForDeploymentPostprocessing = 0;
		};
/* End PBXFrameworksBuildPhase section */

/* Begin PBXGroup section */
		778D45361AFDC8E600225D2A = {
			isa = PBXGroup;
			children = (
				778D45411AFDC8E700225D2A /* IngressKeyTracker */,
				778D45571AFDC8E700225D2A /* IngressKeyTrackerTests */,
				778D45401AFDC8E700225D2A /* Products */,
			);
			sourceTree = "<group>";
		};
		778D45401AFDC8E700225D2A /* Products */ = {
			isa = PBXGroup;
			children = (
				778D453F1AFDC8E700225D2A /* IngressKeyTracker.app */,
				778D45541AFDC8E700225D2A /* IngressKeyTrackerTests.xctest */,
			);
			name = Products;
			sourceTree = "<group>";
		};
		778D45411AFDC8E700225D2A /* IngressKeyTracker */ = {
			isa = PBXGroup;
			children = (
				778D45441AFDC8E700225D2A /* AppDelegate.swift */,
				778D45461AFDC8E700225D2A /* ViewController.swift */,
				7780233D1B02F4980018750B /* KeysTableViewController.swift */,
				778D45481AFDC8E700225D2A /* Main.storyboard */,
				778D454B1AFDC8E700225D2A /* Images.xcassets */,
				778D454D1AFDC8E700225D2A /* LaunchScreen.xib */,
				778D45421AFDC8E700225D2A /* Supporting Files */,
			);
			path = IngressKeyTracker;
			sourceTree = "<group>";
		};
		778D45421AFDC8E700225D2A /* Supporting Files */ = {
			isa = PBXGroup;
			children = (
				778D45431AFDC8E700225D2A /* Info.plist */,
			);
			name = "Supporting Files";
			sourceTree = "<group>";
		};
		778D45571AFDC8E700225D2A /* IngressKeyTrackerTests */ = {
			isa = PBXGroup;
			children = (
				778D455A1AFDC8E700225D2A /* IngressKeyTrackerTests.swift */,
				778D45581AFDC8E700225D2A /* Supporting Files */,
			);
			path = IngressKeyTrackerTests;
			sourceTree = "<group>";
		};
		778D45581AFDC8E700225D2A /* Supporting Files */ = {
			isa = PBXGroup;
			children = (
				778D45591AFDC8E700225D2A /* Info.plist */,
			);
			name = "Supporting Files";
			sourceTree = "<group>";
		};
/* End PBXGroup section */

/* Begin PBXNativeTarget section */
		778D453E1AFDC8E600225D2A /* IngressKeyTracker */ = {
			isa = PBXNativeTarget;
			buildConfigurationList = 778D455E1AFDC8E700225D2A /* Build configuration list for PBXNativeTarget "IngressKeyTracker" */;
			buildPhases = (
				778D453B1AFDC8E600225D2A /* Sources */,
				778D453C1AFDC8E600225D2A /* Frameworks */,
				778D453D1AFDC8E600225D2A /* Resources */,
			);
			buildRules = (
			);
			dependencies = (
			);
			name = IngressKeyTracker;
			productName = IngressKeyTracker;
			productReference = 778D453F1AFDC8E700225D2A /* IngressKeyTracker.app */;
			productType = "com.apple.product-type.application";
		};
		778D45531AFDC8E700225D2A /* IngressKeyTrackerTests */ = {
			isa = PBXNativeTarget;
			buildConfigurationList = 778D45611AFDC8E700225D2A /* Build configuration list for PBXNativeTarget "IngressKeyTrackerTests" */;
			buildPhases = (
				778D45501AFDC8E700225D2A /* Sources */,
				778D45511AFDC8E700225D2A /* Frameworks */,
				778D45521AFDC8E700225D2A /* Resources */,
			);
			buildRules = (
			);
			dependencies = (
				778D45561AFDC8E700225D2A /* PBXTargetDependency */,
			);
			name = IngressKeyTrackerTests;
			productName = IngressKeyTrackerTests;
			productReference = 778D45541AFDC8E700225D2A /* IngressKeyTrackerTests.xctest */;
			productType = "com.apple.product-type.bundle.unit-test";
		};
/* End PBXNativeTarget section */

/* Begin PBXProject section */
		778D45371AFDC8E600225D2A /* Project object */ = {
			isa = PBXProject;
			attributes = {
				LastUpgradeCheck = 0630;
				ORGANIZATIONNAME = "Rommel Rico";
				TargetAttributes = {
					778D453E1AFDC8E600225D2A = {
						CreatedOnToolsVersion = 6.3.1;
					};
					778D45531AFDC8E700225D2A = {
						CreatedOnToolsVersion = 6.3.1;
						TestTargetID = 778D453E1AFDC8E600225D2A;
					};
				};
			};
			buildConfigurationList = 778D453A1AFDC8E600225D2A /* Build configuration list for PBXProject "IngressKeyTracker" */;
			compatibilityVersion = "Xcode 3.2";
			developmentRegion = English;
			hasScannedForEncodings = 0;
			knownRegions = (
				en,
				Base,
			);
			mainGroup = 778D45361AFDC8E600225D2A;
			productRefGroup = 778D45401AFDC8E700225D2A /* Products */;
			projectDirPath = "";
			projectRoot = "";
			targets = (
				778D453E1AFDC8E600225D2A /* IngressKeyTracker */,
				778D45531AFDC8E700225D2A /* IngressKeyTrackerTests */,
			);
		};
/* End PBXProject section */

/* Begin PBXResourcesBuildPhase section */
		778D453D1AFDC8E600225D2A /* Resources */ = {
			isa = PBXResourcesBuildPhase;
			buildActionMask = 2147483647;
			files = (
				778D454A1AFDC8E700225D2A /* Main.storyboard in Resources */,
				778D454F1AFDC8E700225D2A /* LaunchScreen.xib in Resources */,
				778D454C1AFDC8E700225D2A /* Images.xcassets in Resources */,
			);
			runOnlyForDeploymentPostprocessing = 0;
		};
		778D45521AFDC8E700225D2A /* Resources */ = {
			isa = PBXResourcesBuildPhase;
			buildActionMask = 2147483647;
			files = (
			);
			runOnlyForDeploymentPostprocessing = 0;
		};
/* End PBXResourcesBuildPhase section */

/* Begin PBXSourcesBuildPhase section */
		778D453B1AFDC8E600225D2A /* Sources */ = {
			isa = PBXSourcesBuildPhase;
			buildActionMask = 2147483647;
			files = (
				778D45471AFDC8E700225D2A /* ViewController.swift in Sources */,
				7780233E1B02F4980018750B /* KeysTableViewController.swift in Sources */,
				778D45451AFDC8E700225D2A /* AppDelegate.swift in Sources */,
			);
			runOnlyForDeploymentPostprocessing = 0;
		};
		778D45501AFDC8E700225D2A /* Sources */ = {
			isa = PBXSourcesBuildPhase;
			buildActionMask = 2147483647;
			files = (
				778D455B1AFDC8E700225D2A /* IngressKeyTrackerTests.swift in Sources */,
			);
			runOnlyForDeploymentPostprocessing = 0;
		};
/* End PBXSourcesBuildPhase section */

/* Begin PBXTargetDependency section */
		778D45561AFDC8E700225D2A /* PBXTargetDependency */ = {
			isa = PBXTargetDependency;
			target = 778D453E1AFDC8E600225D2A /* IngressKeyTracker */;
			targetProxy = 778D45551AFDC8E700225D2A /* PBXContainerItemProxy */;
		};
/* End PBXTargetDependency section */

/* Begin PBXVariantGroup section */
		778D45481AFDC8E700225D2A /* Main.storyboard */ = {
			isa = PBXVariantGroup;
			children = (
				778D45491AFDC8E700225D2A /* Base */,
			);
			name = Main.storyboard;
			sourceTree = "<group>";
		};
		778D454D1AFDC8E700225D2A /* LaunchScreen.xib */ = {
			isa = PBXVariantGroup;
			children = (
				778D454E1AFDC8E700225D2A /* Base */,
			);
			name = LaunchScreen.xib;
			sourceTree = "<group>";
		};
/* End PBXVariantGroup section */

/* Begin XCBuildConfiguration section */
		778D455C1AFDC8E700225D2A /* Debug */ = {
			isa = XCBuildConfiguration;
			buildSettings = {
				ALWAYS_SEARCH_USER_PATHS = NO;
				CLANG_CXX_LANGUAGE_STANDARD = "gnu++0x";
				CLANG_CXX_LIBRARY = "libc++";
				CLANG_ENABLE_MODULES = YES;
				CLANG_ENABLE_OBJC_ARC = YES;
				CLANG_WARN_BOOL_CONVERSION = YES;
				CLANG_WARN_CONSTANT_CONVERSION = YES;
				CLANG_WARN_DIRECT_OBJC_ISA_USAGE = YES_ERROR;
				CLANG_WARN_EMPTY_BODY = YES;
				CLANG_WARN_ENUM_CONVERSION = YES;
				CLANG_WARN_INT_CONVERSION = YES;
				CLANG_WARN_OBJC_ROOT_CLASS = YES_ERROR;
				CLANG_WARN_UNREACHABLE_CODE = YES;
				CLANG_WARN__DUPLICATE_METHOD_MATCH = YES;
				"CODE_SIGN_IDENTITY[sdk=iphoneos*]" = "iPhone Developer";
				COPY_PHASE_STRIP = NO;
				DEBUG_INFORMATION_FORMAT = "dwarf-with-dsym";
				ENABLE_STRICT_OBJC_MSGSEND = YES;
				GCC_C_LANGUAGE_STANDARD = gnu99;
				GCC_DYNAMIC_NO_PIC = NO;
				GCC_NO_COMMON_BLOCKS = YES;
				GCC_OPTIMIZATION_LEVEL = 0;
				GCC_PREPROCESSOR_DEFINITIONS = (
					"DEBUG=1",
					"$(inherited)",
				);
				GCC_SYMBOLS_PRIVATE_EXTERN = NO;
				GCC_WARN_64_TO_32_BIT_CONVERSION = YES;
				GCC_WARN_ABOUT_RETURN_TYPE = YES_ERROR;
				GCC_WARN_UNDECLARED_SELECTOR = YES;
				GCC_WARN_UNINITIALIZED_AUTOS = YES_AGGRESSIVE;
				GCC_WARN_UNUSED_FUNCTION = YES;
				GCC_WARN_UNUSED_VARIABLE = YES;
				IPHONEOS_DEPLOYMENT_TARGET = 8.3;
				MTL_ENABLE_DEBUG_INFO = YES;
				ONLY_ACTIVE_ARCH = YES;
				SDKROOT = iphoneos;
				SWIFT_OPTIMIZATION_LEVEL = "-Onone";
			};
			name = Debug;
		};
		778D455D1AFDC8E700225D2A /* Release */ = {
			isa = XCBuildConfiguration;
			buildSettings = {
				ALWAYS_SEARCH_USER_PATHS = NO;
				CLANG_CXX_LANGUAGE_STANDARD = "gnu++0x";
				CLANG_CXX_LIBRARY = "libc++";
				CLANG_ENABLE_MODULES = YES;
				CLANG_ENABLE_OBJC_ARC = YES;
				CLANG_WARN_BOOL_CONVERSION = YES;
				CLANG_WARN_CONSTANT_CONVERSION = YES;
				CLANG_WARN_DIRECT_OBJC_ISA_USAGE = YES_ERROR;
				CLANG_WARN_EMPTY_BODY = YES;
				CLANG_WARN_ENUM_CONVERSION = YES;
				CLANG_WARN_INT_CONVERSION = YES;
				CLANG_WARN_OBJC_ROOT_CLASS = YES_ERROR;
				CLANG_WARN_UNREACHABLE_CODE = YES;
				CLANG_WARN__DUPLICATE_METHOD_MATCH = YES;
				"CODE_SIGN_IDENTITY[sdk=iphoneos*]" = "iPhone Developer";
				COPY_PHASE_STRIP = NO;
				DEBUG_INFORMATION_FORMAT = "dwarf-with-dsym";
				ENABLE_NS_ASSERTIONS = NO;
				ENABLE_STRICT_OBJC_MSGSEND = YES;
				GCC_C_LANGUAGE_STANDARD = gnu99;
				GCC_NO_COMMON_BLOCKS = YES;
				GCC_WARN_64_TO_32_BIT_CONVERSION = YES;
				GCC_WARN_ABOUT_RETURN_TYPE = YES_ERROR;
				GCC_WARN_UNDECLARED_SELECTOR = YES;
				GCC_WARN_UNINITIALIZED_AUTOS = YES_AGGRESSIVE;
				GCC_WARN_UNUSED_FUNCTION = YES;
				GCC_WARN_UNUSED_VARIABLE = YES;
				IPHONEOS_DEPLOYMENT_TARGET = 8.3;
				MTL_ENABLE_DEBUG_INFO = NO;
				SDKROOT = iphoneos;
				VALIDATE_PRODUCT = YES;
			};
			name = Release;
		};
		778D455F1AFDC8E700225D2A /* Debug */ = {
			isa = XCBuildConfiguration;
			buildSettings = {
				ASSETCATALOG_COMPILER_APPICON_NAME = AppIcon;
				INFOPLIST_FILE = IngressKeyTracker/Info.plist;
				LD_RUNPATH_SEARCH_PATHS = "$(inherited) @executable_path/Frameworks";
				PRODUCT_NAME = "$(TARGET_NAME)";
			};
			name = Debug;
		};
		778D45601AFDC8E700225D2A /* Release */ = {
			isa = XCBuildConfiguration;
			buildSettings = {
				ASSETCATALOG_COMPILER_APPICON_NAME = AppIcon;
				INFOPLIST_FILE = IngressKeyTracker/Info.plist;
				LD_RUNPATH_SEARCH_PATHS = "$(inherited) @executable_path/Frameworks";
				PRODUCT_NAME = "$(TARGET_NAME)";
			};
			name = Release;
		};
		778D45621AFDC8E700225D2A /* Debug */ = {
			isa = XCBuildConfiguration;
			buildSettings = {
				BUNDLE_LOADER = "$(TEST_HOST)";
				FRAMEWORK_SEARCH_PATHS = (
					"$(SDKROOT)/Developer/Library/Frameworks",
					"$(inherited)",
				);
				GCC_PREPROCESSOR_DEFINITIONS = (
					"DEBUG=1",
					"$(inherited)",
				);
				INFOPLIST_FILE = IngressKeyTrackerTests/Info.plist;
				LD_RUNPATH_SEARCH_PATHS = "$(inherited) @executable_path/Frameworks @loader_path/Frameworks";
				PRODUCT_NAME = "$(TARGET_NAME)";
				TEST_HOST = "$(BUILT_PRODUCTS_DIR)/IngressKeyTracker.app/IngressKeyTracker";
			};
			name = Debug;
		};
		778D45631AFDC8E700225D2A /* Release */ = {
			isa = XCBuildConfiguration;
			buildSettings = {
				BUNDLE_LOADER = "$(TEST_HOST)";
				FRAMEWORK_SEARCH_PATHS = (
					"$(SDKROOT)/Developer/Library/Frameworks",
					"$(inherited)",
				);
				INFOPLIST_FILE = IngressKeyTrackerTests/Info.plist;
				LD_RUNPATH_SEARCH_PATHS = "$(inherited) @executable_path/Frameworks @loader_path/Frameworks";
				PRODUCT_NAME = "$(TARGET_NAME)";
				TEST_HOST = "$(BUILT_PRODUCTS_DIR)/IngressKeyTracker.app/IngressKeyTracker";
			};
			name = Release;
		};
/* End XCBuildConfiguration section */

/* Begin XCConfigurationList section */
		778D453A1AFDC8E600225D2A /* Build configuration list for PBXProject "IngressKeyTracker" */ = {
			isa = XCConfigurationList;
			buildConfigurations = (
				778D455C1AFDC8E700225D2A /* Debug */,
				778D455D1AFDC8E700225D2A /* Release */,
			);
			defaultConfigurationIsVisible = 0;
			defaultConfigurationName = Release;
		};
		778D455E1AFDC8E700225D2A /* Build configuration list for PBXNativeTarget "IngressKeyTracker" */ = {
			isa = XCConfigurationList;
			buildConfigurations = (
				778D455F1AFDC8E700225D2A /* Debug */,
				778D45601AFDC8E700225D2A /* Release */,
			);
			defaultConfigurationIsVisible = 0;
			defaultConfigurationName = Release;
		};
		778D45611AFDC8E700225D2A /* Build configuration list for PBXNativeTarget "IngressKeyTrackerTests" */ = {
			isa = XCConfigurationList;
			buildConfigurations = (
				778D45621AFDC8E700225D2A /* Debug */,
				778D45631AFDC8E700225D2A /* Release */,
			);
			defaultConfigurationIsVisible = 0;
			defaultConfigurationName = Release;
		};
/* End XCConfigurationList section */
	};
	rootObject = 778D45371AFDC8E600225D2A /* Project object */;
}
